schema: '2.0'
stages:
  parse_nrel118_bus_data:
    cmd: python src/data/parse_nrel118_buses.py data/raw/nrel118/additional-files-mti-118/Buses.csv
      data/parsed/nrel118_buses.csv
    deps:
    - path: data/raw/nrel118/additional-files-mti-118/Buses.csv
      md5: 53359601ce73b4f6d166e6a37141ed1b
      size: 2360
    - path: src/data/parse_nrel118_buses.py
      md5: 06ae207ed9c0def6eaad0a75cde809b6
      size: 1683
    outs:
    - path: data/parsed/nrel118_buses.csv
      md5: 4a2a6c23ff0d3af81c2d96b70c870fcd
      size: 2540
  parse_nrel118_line_data:
    cmd: python src/data/parse_nrel118_lines.py data/raw/nrel118/additional-files-mti-118/Lines.csv
      data/parsed/nrel118_lines.csv
    deps:
    - path: data/raw/nrel118/additional-files-mti-118/Lines.csv
      md5: 682db21351902ecc0d885892be9fc9ee
      size: 8436
    - path: src/data/parse_nrel118_lines.py
      md5: 21d0e83ada05fe83240a89e63717b342
      size: 1965
    outs:
    - path: data/parsed/nrel118_lines.csv
      md5: b1c5f0873b44b8fe84799eb5aa44518a
      size: 8472
  parse_jeas118_line_data:
    cmd: python src/data/parse_jeas118_lines.py data/raw/jeas118/JEAS_IEEE118.doc
      data/parsed/jeas118_lines.csv
    deps:
    - path: data/raw/jeas118/JEAS_IEEE118.doc
      md5: 115121e48f534b9f720cecbdd6a9dbae
      size: 663040
    - path: src/data/parse_jeas118_lines.py
      md5: 0c39b39e21342302d608e50c53c4dd35
      size: 2335
    outs:
    - path: data/parsed/jeas118_lines.csv
      md5: 4a8da15c42f4b404419da792ca79a3c3
      size: 6468
  prepare_bus_data:
    cmd: python src/data/prepare_buses.py data/parsed/nrel118_buses.csv data/prepared/buses.csv
    deps:
    - path: data/parsed/nrel118_buses.csv
      md5: 4a2a6c23ff0d3af81c2d96b70c870fcd
      size: 2540
    - path: src/data/prepare_buses.py
      md5: 0d5ecc1b91cf76c997c16b160086e91d
      size: 1398
    outs:
    - path: data/prepared/buses.csv
      md5: 5d31dafc475a1d496d7599d5e8170d14
      size: 2406
  parse_jeas118_trafo_data:
    cmd: python src/data/parse_jeas118_trafos.py data/raw/jeas118/JEAS_IEEE118.doc
      data/parsed/jeas118_trafos.csv
    deps:
    - path: data/raw/jeas118/JEAS_IEEE118.doc
      md5: 115121e48f534b9f720cecbdd6a9dbae
      size: 663040
    - path: src/data/parse_jeas118_trafos.py
      md5: 0cf1b2c21c030fbc491da88647aaec8a
      size: 2391
    outs:
    - path: data/parsed/jeas118_trafos.csv
      md5: 4f460fce1790a10ea22d7cac9c380c92
      size: 317
  prepare_branch_data:
    cmd: python src/data/prepare_branches.py data/parsed/nrel118_lines.csv data/parsed/jeas118_lines.csv
      data/parsed/jeas118_trafos.csv data/prepared/buses.csv data/prepared/branches.csv
    deps:
    - path: data/parsed/jeas118_lines.csv
      md5: 4a8da15c42f4b404419da792ca79a3c3
      size: 6468
    - path: data/parsed/jeas118_trafos.csv
      md5: 4f460fce1790a10ea22d7cac9c380c92
      size: 317
    - path: data/parsed/nrel118_lines.csv
      md5: b1c5f0873b44b8fe84799eb5aa44518a
      size: 8472
    - path: data/prepared/buses.csv
      md5: 5d31dafc475a1d496d7599d5e8170d14
      size: 2406
    - path: src/data/prepare_branches.py
      md5: 49fb069d17b014db774cc3698610d14e
      size: 3743
    outs:
    - path: data/prepared/branches.csv
      md5: 33ca65a5ca689ba4503380b1d98753ec
      size: 17712
  parse_jeas118_load_data:
    cmd: python src/data/parse_jeas118_loads.py data/raw/jeas118/JEAS_IEEE118.doc
      data/parsed/jeas118_loads.csv
    deps:
    - path: data/raw/jeas118/JEAS_IEEE118.doc
      md5: 115121e48f534b9f720cecbdd6a9dbae
      size: 663040
    - path: src/data/parse_jeas118_loads.py
      md5: f28e51dbe251cb4a18c141643f4d6d53
      size: 2101
    outs:
    - path: data/parsed/jeas118_loads.csv
      md5: aa929aa09cf4ae869b4218adaf3e6eaa
      size: 1696
  parse_nrel118_load_ts_data:
    cmd: python src/data/parse_nrel118_load_ts.py "data/raw/nrel118/Input files/RT/Load"
      data/parsed/nrel118_loads_ts.csv
    deps:
    - path: data/raw/nrel118/Input files/RT/Load
      md5: 15de5344806c746934ee61dfb508704b.dir
      size: 860632
      nfiles: 4
    - path: src/data/parse_nrel118_load_ts.py
      md5: 9e847229bf362f371641c8e4938e08b3
      size: 1291
    outs:
    - path: data/parsed/nrel118_loads_ts.csv
      md5: e1006251e8c3b97d6b4ec725f03fb2d5
      size: 629482
  prepare_load_data:
    cmd: python src/data/prepare_loads.py data/transformed/loads.csv data/parsed/nrel118_loads_ts.csv
      data/prepared/loads.csv
    deps:
    - path: data/parsed/nrel118_loads_ts.csv
      md5: e1006251e8c3b97d6b4ec725f03fb2d5
      size: 629482
    - path: data/transformed/loads.csv
      md5: c14b44a8a905331c36cb1ebb20abc365
      size: 4584
    - path: src/data/prepare_loads.py
      md5: 01ea6c0c05d39bc7183386dd671397db
      size: 2334
    outs:
    - path: data/prepared/loads.csv
      md5: 9c38a8f122cfe5e35af4844e06df80c2
      size: 4832
  transform_load_data:
    cmd: python src/data/transform_loads.py data/parsed/nrel118_buses.csv data/parsed/jeas118_loads.csv
      data/transformed/loads.csv
    deps:
    - path: data/parsed/jeas118_loads.csv
      md5: aa929aa09cf4ae869b4218adaf3e6eaa
      size: 1696
    - path: data/parsed/nrel118_buses.csv
      md5: 4a2a6c23ff0d3af81c2d96b70c870fcd
      size: 2540
    - path: src/data/transform_loads.py
      md5: e3ff578e1adb0c273a4cf49d5cab2b8b
      size: 2529
    outs:
    - path: data/transformed/loads.csv
      md5: c14b44a8a905331c36cb1ebb20abc365
      size: 4584
  prepare_load_ts_data:
    cmd: python src/data/prepare_loads_ts.py data/transformed/loads.csv data/parsed/nrel118_loads_ts.csv
      data/prepared/loads_ts.csv
    deps:
    - path: data/parsed/nrel118_loads_ts.csv
      md5: e1006251e8c3b97d6b4ec725f03fb2d5
      size: 629482
    - path: data/transformed/loads.csv
      md5: c14b44a8a905331c36cb1ebb20abc365
      size: 4584
    - path: src/data/prepare_loads_ts.py
      md5: 3a4f3f1d607458c491153aca8fe239bb
      size: 2515
    outs:
    - path: data/prepared/loads_ts.csv
      md5: 9e1d4aae2dfdcd71fd80479bea6d36c7
      size: 56376911
  parse_nrel118_gen_data:
    cmd: python src/data/parse_nrel118_gens.py data/raw/nrel118/additional-files-mti-118/Generators.csv
      data/parsed/nrel118_gens.csv
    deps:
    - path: data/raw/nrel118/additional-files-mti-118/Generators.csv
      md5: 8b014c583d06d4c0b62270829082db5d
      size: 43221
    - path: src/data/parse_nrel118_gens.py
      md5: 31d28be82c7f6bf3d41a54affd53efd0
      size: 2066
    outs:
    - path: data/parsed/nrel118_gens.csv
      md5: 808407409cc7407e754a67efb62094ac
      size: 8748
  parse_nrel118_escalator_data:
    cmd: python src/data/parse_nrel118_escalator_ts.py data/raw/nrel118/additional-files-mti-118/Escalators.csv
      data/parsed/nrel118_escalator_ts.csv
    deps:
    - path: data/raw/nrel118/additional-files-mti-118/Escalators.csv
      md5: a28a7bc34308c1580ce3a708d751fde0
      size: 40170
    - path: src/data/parse_nrel118_escalator_ts.py
      md5: 7ae3f6895411df18a3814ae073178185
      size: 2277
    outs:
    - path: data/parsed/nrel118_escalator_ts.csv
      md5: 4f12b42add7e1edbdab7fbeb9bbf0806
      size: 73074
  parse_nrel118_escalator_ts_data:
    cmd: python src/data/parse_nrel118_escalator_ts.py data/raw/nrel118/additional-files-mti-118/Escalators.csv
      data/parsed/nrel118_escalator_ts.csv
    deps:
    - path: data/raw/nrel118/additional-files-mti-118/Escalators.csv
      md5: a28a7bc34308c1580ce3a708d751fde0
      size: 40170
    - path: src/data/parse_nrel118_escalator_ts.py
      md5: 6c6bf06b88666c0b39a4ccee20311df4
      size: 2277
    outs:
    - path: data/parsed/nrel118_escalator_ts.csv
      md5: 4f12b42add7e1edbdab7fbeb9bbf0806
      size: 73074
  parse_nrel118_hydro_nondisp_ts_data:
    cmd: python src/data/parse_nrel118_hydro_nondisp_ts.py data/raw/nrel118/additional-files-mti-118/Hydro_nondipatchable.csv
      data/parsed/nrel118_hydro_nondisp_ts.csv
    deps:
    - path: data/raw/nrel118/additional-files-mti-118/Hydro_nondipatchable.csv
      md5: 34517c8d7742b6687cad01cfb2c42ce6
      size: 3408
    - path: src/data/parse_nrel118_hydro_nondisp_ts.py
      md5: 183c2cd394e58fc2768b94c7755da6d5
      size: 1926
    outs:
    - path: data/parsed/nrel118_hydro_nondisp_ts.csv
      md5: 6983f57ebf4700036b5b09551ca87f37
      size: 1259
  parse_nrel118_hydro_ts_data:
    cmd: python src/data/parse_nrel118_hydro_ts.py "data/raw/nrel118/Input files/Hydro"
      data/parsed/nrel118_hydro_ts.csv
    deps:
    - path: data/raw/nrel118/Input files/Hydro
      md5: fd2df581c6076968d01e22ae89459d7d.dir
      size: 4390878
      nfiles: 24
    - path: src/data/parse_nrel118_hydro_ts.py
      md5: ec754ac4f2c1d8e23ce26e1fbedc9522
      size: 1424
    outs:
    - path: data/parsed/nrel118_hydro_ts.csv
      md5: b55600b353e436e9503f314bea2aaeb6
      size: 1776181
  parse_nrel118_solar_ts_data:
    cmd: python src/data/parse_nrel118_solar_ts.py "data/raw/nrel118/Input files/RT/Solar"
      data/parsed/nrel118_solar_ts.csv
    deps:
    - path: data/raw/nrel118/Input files/RT/Solar
      md5: e8e3065fef2b05440af5bef1c00157c0.dir
      size: 16761318
      nfiles: 76
    - path: src/data/parse_nrel118_solar_ts.py
      md5: 53e8425155c890e38b841dca4ebea7e7
      size: 1425
    outs:
    - path: data/parsed/nrel118_solar_ts.csv
      md5: 286eb7a16e55231f8cd9138311c7d707
      size: 7336870
  parse_nrel118_wind_ts_data:
    cmd: python src/data/parse_nrel118_wind_ts.py "data/raw/nrel118/Input files/RT/Wind"
      data/parsed/nrel118_wind_ts.csv
    deps:
    - path: data/raw/nrel118/Input files/RT/Wind
      md5: a46f8ccf7c19116d82cba65df615e2de.dir
      size: 4663311
      nfiles: 18
    - path: src/data/parse_nrel118_wind_ts.py
      md5: 82f0b20a4419a9ceb2619937542cd3b8
      size: 1414
    outs:
    - path: data/parsed/nrel118_wind_ts.csv
      md5: ed3ae11279fd25134a8984a9da3f436a
      size: 2547723
  parse_nrel118_outage_ts_data:
    cmd: python src/data/parse_nrel118_outage_ts.py "data/raw/nrel118/Input files/Others/GenOut.csv"
      data/parsed/nrel118_outage_ts.csv
    deps:
    - path: data/raw/nrel118/Input files/Others/GenOut.csv
      md5: 9b94603c1ddd080d6bd839ef210babe0
      size: 77018
    - path: src/data/parse_nrel118_outage_ts.py
      md5: e802206f9de14f0d8bb48d6cd0179608
      size: 2132
    outs:
    - path: data/parsed/nrel118_outage_ts.csv
      md5: d4ee3d36028bea9aef988e86af59b237
      size: 130729
  parse_nrel118_loads_ts:
    cmd: python src/data/parse_nrel118_loads_ts.py "data/raw/nrel118/Input files/RT/Load"
      data/parsed/nrel118_loads_ts.csv
    deps:
    - path: data/raw/nrel118/Input files/RT/Load
      md5: 15de5344806c746934ee61dfb508704b.dir
      size: 860632
      nfiles: 4
    - path: src/data/parse_nrel118_loads_ts.py
      md5: 9069818e11c81fa58511d8e8863849af
      size: 1509
    - path: src/utils/data_loaders/load_ts_data.py
      md5: 6d51344b030841502594c83d77e1d49a
      size: 1430
    params:
      definitions.py:
        DATE_FORMAT: '%Y-%m-%d %H:%M:%S'
    outs:
    - path: data/parsed/nrel118_loads_ts.csv
      md5: 171fd7ce080d11855268c086bb04adde
      size: 1077481
  parse_nrel118_buses:
    cmd: python src/data/parse_nrel118_buses.py data/raw/nrel118/additional-files-mti-118/Buses.csv
      data/parsed/nrel118_buses.csv
    deps:
    - path: data/raw/nrel118/additional-files-mti-118/Buses.csv
      md5: 53359601ce73b4f6d166e6a37141ed1b
      size: 2360
    - path: src/data/parse_nrel118_buses.py
      md5: fb0b166781f8e82ed6d1dd4dc91ff406
      size: 1666
    - path: src/utils/data_loaders/load_df_data.py
      md5: f3b1048c9e46162b1c47094fc7cecab9
      size: 953
    outs:
    - path: data/parsed/nrel118_buses.csv
      md5: bb5438eae0862ef3e159b369363c5669
      size: 2544
  parse_jeas118_loads:
    cmd: python src/data/parse_jeas118_loads.py data/raw/jeas118/JEAS_IEEE118.doc
      data/parsed/jeas118_loads.csv
    deps:
    - path: data/raw/jeas118/JEAS_IEEE118.doc
      md5: 115121e48f534b9f720cecbdd6a9dbae
      size: 663040
    - path: src/data/parse_jeas118_loads.py
      md5: 60d2e01e596674d059df34f78c56e60b
      size: 2070
    - path: src/utils/converters.py
      md5: 509c7a4de2d3baafa99fa38c0e6d8600
      size: 2046
    outs:
    - path: data/parsed/jeas118_loads.csv
      md5: 3e35982e8ae9b5affba45943a8ef0f17
      size: 1694
  transform_loads:
    cmd: python src/data/transform_loads.py data/parsed/nrel118_buses.csv data/parsed/jeas118_loads.csv
      data/transformed/loads.csv
    deps:
    - path: data/parsed/jeas118_loads.csv
      md5: 3e35982e8ae9b5affba45943a8ef0f17
      size: 1694
    - path: data/parsed/nrel118_buses.csv
      md5: bb5438eae0862ef3e159b369363c5669
      size: 2544
    - path: src/data/transform_loads.py
      md5: b194b19a70262ed67a7fdaf731262241
      size: 2427
    - path: src/utils/data_loaders/load_df_data.py
      md5: f3b1048c9e46162b1c47094fc7cecab9
      size: 953
    outs:
    - path: data/transformed/loads.csv
      md5: 3990cd5919b7fc352a16be11408f74ef
      size: 4589
  prepare_loads:
    cmd: python src/data/prepare_loads.py data/transformed/loads.csv data/prepared/loads.csv
    deps:
    - path: data/transformed/loads.csv
      md5: 3990cd5919b7fc352a16be11408f74ef
      size: 4589
    - path: src/data/prepare_loads.py
      md5: 84c2646bf568a7ef0f391b1930363fc7
      size: 1211
    - path: src/utils/data_loaders/load_df_data.py
      md5: f3b1048c9e46162b1c47094fc7cecab9
      size: 953
    outs:
    - path: data/prepared/loads.csv
      md5: 668187aa4d3797e4afd613b9d7977b63
      size: 1477
  parse_nrel118_hydros_nondisp_ts:
    cmd: python src/data/parse_nrel118_hydros_nondisp_ts.py data/raw/nrel118/additional-files-mti-118/Hydro_nondipatchable.csv
      data/parsed/nrel118_hydros_nondisp_ts.csv
    deps:
    - path: data/raw/nrel118/additional-files-mti-118/Hydro_nondipatchable.csv
      md5: 34517c8d7742b6687cad01cfb2c42ce6
      size: 3408
    - path: src/data/parse_nrel118_hydros_nondisp_ts.py
      md5: d78377eeecdfd6a52f74235655b06447
      size: 2215
    - path: src/utils/data_loaders/load_df_data.py
      md5: f3b1048c9e46162b1c47094fc7cecab9
      size: 953
    params:
      definitions.py:
        DATE_FORMAT: '%Y-%m-%d %H:%M:%S'
        GEN_TYPES:
          Biomass: biomass
          Hydro: hydro
          Solar: solar
          Wind: wind
          CC NG: combined_cycle_gas
          CT NG: combustion_gas
          CT Oil: combustion_oil
          Geo: geothermal
          ICE NG: internal_combustion_gas
          ST Coal: steam_coal
          ST NG: steam_gas
          ST Other: steam_other
    outs:
    - path: data/parsed/nrel118_hydros_nondisp_ts.csv
      md5: cd4166763f0fce7997a5c13cf5937bf5
      size: 1694
  parse_nrel118_hydros_ts:
    cmd: python src/data/parse_nrel118_hydros_ts.py "data/raw/nrel118/Input files/Hydro"
      data/parsed/nrel118_hydros_ts.csv
    deps:
    - path: data/raw/nrel118/Input files/Hydro
      md5: fd2df581c6076968d01e22ae89459d7d.dir
      size: 4390878
      nfiles: 24
    - path: src/data/parse_nrel118_hydros_ts.py
      md5: a979f4ee98b92a88ecd1157bd13c7fc0
      size: 1521
    - path: src/utils/data_loaders/load_ts_data.py
      md5: 6d51344b030841502594c83d77e1d49a
      size: 1430
    params:
      definitions.py:
        DATE_FORMAT: '%Y-%m-%d %H:%M:%S'
        GEN_TYPES:
          Biomass: biomass
          Hydro: hydro
          Solar: solar
          Wind: wind
          CC NG: combined_cycle_gas
          CT NG: combustion_gas
          CT Oil: combustion_oil
          Geo: geothermal
          ICE NG: internal_combustion_gas
          ST Coal: steam_coal
          ST NG: steam_gas
          ST Other: steam_other
    outs:
    - path: data/parsed/nrel118_hydros_ts.csv
      md5: 867237507d7dbfae743edf05d506c86a
      size: 7932771
  parse_nrel118_solars_ts:
    cmd: python src/data/parse_nrel118_solars_ts.py "data/raw/nrel118/Input files/RT/Solar"
      data/parsed/nrel118_solars_ts.csv
    deps:
    - path: data/raw/nrel118/Input files/RT/Solar
      md5: e8e3065fef2b05440af5bef1c00157c0.dir
      size: 16761318
      nfiles: 76
    - path: src/data/parse_nrel118_solars_ts.py
      md5: 1058e78d129694d11d4cf55575eff6a2
      size: 1523
    - path: src/utils/data_loaders/load_ts_data.py
      md5: 6d51344b030841502594c83d77e1d49a
      size: 1430
    params:
      definitions.py:
        DATE_FORMAT: '%Y-%m-%d %H:%M:%S'
        GEN_TYPES:
          Biomass: biomass
          Hydro: hydro
          Solar: solar
          Wind: wind
          CC NG: combined_cycle_gas
          CT NG: combustion_gas
          CT Oil: combustion_oil
          Geo: geothermal
          ICE NG: internal_combustion_gas
          ST Coal: steam_coal
          ST NG: steam_gas
          ST Other: steam_other
    outs:
    - path: data/parsed/nrel118_solars_ts.csv
      md5: e0b86e846d4af272c032cabb36a3d3c4
      size: 26836698
  parse_nrel118_lines:
    cmd: python src/data/parse_nrel118_lines.py data/raw/nrel118/additional-files-mti-118/Lines.csv
      data/parsed/nrel118_lines.csv
    deps:
    - path: data/raw/nrel118/additional-files-mti-118/Lines.csv
      md5: 682db21351902ecc0d885892be9fc9ee
      size: 8436
    - path: src/data/parse_nrel118_lines.py
      md5: e473a37cdae032fd9951e79244f623f1
      size: 1957
    - path: src/utils/data_loaders/load_df_data.py
      md5: f3b1048c9e46162b1c47094fc7cecab9
      size: 953
    outs:
    - path: data/parsed/nrel118_lines.csv
      md5: 42e64487923fc7090e44ec4921a18ffd
      size: 8476
  parse_nrel118_gens:
    cmd: python src/data/parse_nrel118_gens.py data/raw/nrel118/additional-files-mti-118/Generators.csv
      data/parsed/nrel118_gens.csv
    deps:
    - path: data/raw/nrel118/additional-files-mti-118/Generators.csv
      md5: 8b014c583d06d4c0b62270829082db5d
      size: 43221
    - path: src/data/parse_nrel118_gens.py
      md5: b5b2888de2fbf179ce30f498fd661855
      size: 2026
    - path: src/utils/data_loaders/load_df_data.py
      md5: f3b1048c9e46162b1c47094fc7cecab9
      size: 953
    params:
      definitions.py:
        GEN_TYPES:
          Biomass: biomass
          Hydro: hydro
          Solar: solar
          Wind: wind
          CC NG: combined_cycle_gas
          CT NG: combustion_gas
          CT Oil: combustion_oil
          Geo: geothermal
          ICE NG: internal_combustion_gas
          ST Coal: steam_coal
          ST NG: steam_gas
          ST Other: steam_other
    outs:
    - path: data/parsed/nrel118_gens.csv
      md5: 272b131c404206ed480870ce4f9e6467
      size: 8744
  prepare_loads_ts:
    cmd: python src/data/prepare_loads_ts.py data/transformed/loads.csv data/parsed/nrel118_loads_ts.csv
      data/prepared/loads_ts.csv
    deps:
    - path: data/parsed/nrel118_loads_ts.csv
      md5: 171fd7ce080d11855268c086bb04adde
      size: 1077481
    - path: data/transformed/loads.csv
      md5: 3990cd5919b7fc352a16be11408f74ef
      size: 4589
    - path: src/data/prepare_loads_ts.py
      md5: ae8900e8fe3c2730b3e81a27d63d2b72
      size: 2937
    - path: src/utils/data_loaders/load_df_data.py
      md5: f3b1048c9e46162b1c47094fc7cecab9
      size: 953
    params:
      definitions.py:
        DATE_FORMAT: '%Y-%m-%d %H:%M:%S'
        DATE_RANGE:
        - '2024-01-01 00:00:00'
        - '2025-01-01 00:00:00'
        - 1h
        FILL_METHOD: pad
    outs:
    - path: data/prepared/loads_ts.csv
      md5: 4bf598c60c52b2c237dab294d8112a13
      size: 33463752
  parse_nrel118_winds_ts:
    cmd: python src/data/parse_nrel118_winds_ts.py "data/raw/nrel118/Input files/RT/Wind"
      data/parsed/nrel118_winds_ts.csv
    deps:
    - path: data/raw/nrel118/Input files/RT/Wind
      md5: a46f8ccf7c19116d82cba65df615e2de.dir
      size: 4663311
      nfiles: 18
    - path: src/data/parse_nrel118_winds_ts.py
      md5: 5a10fd8cd4ed0be7cd3367cc46be3d5f
      size: 1508
    - path: src/utils/data_loaders/load_ts_data.py
      md5: 6d51344b030841502594c83d77e1d49a
      size: 1430
    params:
      definitions.py:
        DATE_FORMAT: '%Y-%m-%d %H:%M:%S'
        GEN_TYPES:
          Biomass: biomass
          Hydro: hydro
          Solar: solar
          Wind: wind
          CC NG: combined_cycle_gas
          CT NG: combustion_gas
          CT Oil: combustion_oil
          Geo: geothermal
          ICE NG: internal_combustion_gas
          ST Coal: steam_coal
          ST NG: steam_gas
          ST Other: steam_other
    outs:
    - path: data/parsed/nrel118_winds_ts.csv
      md5: 5b0c4f8bcd3e259a2f77bd90dfe3d5cc
      size: 6614602
  parse_nrel118_escalators_ts:
    cmd: python src/data/parse_nrel118_escalators_ts.py data/raw/nrel118/additional-files-mti-118/Escalators.csv
      data/parsed/nrel118_escalators_ts.csv
    deps:
    - path: data/raw/nrel118/additional-files-mti-118/Escalators.csv
      md5: a28a7bc34308c1580ce3a708d751fde0
      size: 40170
    - path: src/data/parse_nrel118_escalators_ts.py
      md5: 91e121dfb891b52f16a4e0b5574414fb
      size: 2197
    - path: src/utils/data_loaders/load_df_data.py
      md5: f3b1048c9e46162b1c47094fc7cecab9
      size: 953
    params:
      definitions.py:
        DATE_FORMAT: '%Y-%m-%d %H:%M:%S'
        GEN_TYPES:
          Biomass: biomass
          Hydro: hydro
          Solar: solar
          Wind: wind
          CC NG: combined_cycle_gas
          CT NG: combustion_gas
          CT Oil: combustion_oil
          Geo: geothermal
          ICE NG: internal_combustion_gas
          ST Coal: steam_coal
          ST NG: steam_gas
          ST Other: steam_other
    outs:
    - path: data/parsed/nrel118_escalators_ts.csv
      md5: f11b5392a7eac911c4da6fe97152f34b
      size: 92000
  parse_jeas118_lines:
    cmd: python src/data/parse_jeas118_lines.py data/raw/jeas118/JEAS_IEEE118.doc
      data/parsed/jeas118_lines.csv
    deps:
    - path: data/raw/jeas118/JEAS_IEEE118.doc
      md5: 115121e48f534b9f720cecbdd6a9dbae
      size: 663040
    - path: src/data/parse_jeas118_lines.py
      md5: eb28679f54b0b32177d344b055ba6905
      size: 2333
    - path: src/utils/converters.py
      md5: 509c7a4de2d3baafa99fa38c0e6d8600
      size: 2046
    outs:
    - path: data/parsed/jeas118_lines.csv
      md5: 523685e05148328e925a71f31492da98
      size: 6474
  prepare_buses:
    cmd: python src/data/prepare_buses.py data/parsed/nrel118_buses.csv data/prepared/buses.csv
    deps:
    - path: data/parsed/nrel118_buses.csv
      md5: bb5438eae0862ef3e159b369363c5669
      size: 2544
    - path: src/data/prepare_buses.py
      md5: 539401840f7319cfa998cedcf95343e7
      size: 1419
    - path: src/utils/data_loaders/load_df_data.py
      md5: f3b1048c9e46162b1c47094fc7cecab9
      size: 953
    outs:
    - path: data/prepared/buses.csv
      md5: 77547fcc9bfdf49313cf4d0f30110544
      size: 2409
  parse_jeas118_trafos:
    cmd: python src/data/parse_jeas118_trafos.py data/raw/jeas118/JEAS_IEEE118.doc
      data/parsed/jeas118_trafos.csv
    deps:
    - path: data/raw/jeas118/JEAS_IEEE118.doc
      md5: 115121e48f534b9f720cecbdd6a9dbae
      size: 663040
    - path: src/data/parse_jeas118_trafos.py
      md5: 5d53a22a73c7a6f06330963cb92ea98d
      size: 2390
    - path: src/utils/converters.py
      md5: 509c7a4de2d3baafa99fa38c0e6d8600
      size: 2046
    outs:
    - path: data/parsed/jeas118_trafos.csv
      md5: 33133a902a98f8c82d7854becb57a3a9
      size: 324
  parse_nrel118_outages_ts:
    cmd: python src/data/parse_nrel118_outages_ts.py "data/raw/nrel118/Input files/Others/GenOut.csv"
      data/parsed/nrel118_outages_ts.csv
    deps:
    - path: data/raw/nrel118/Input files/Others/GenOut.csv
      md5: 9b94603c1ddd080d6bd839ef210babe0
      size: 77018
    - path: src/data/parse_nrel118_outages_ts.py
      md5: c6ba4252a20aa65389c65577a416e587
      size: 2165
    - path: src/utils/data_loaders/load_df_data.py
      md5: f3b1048c9e46162b1c47094fc7cecab9
      size: 953
    params:
      definitions.py:
        DATE_FORMAT: '%Y-%m-%d %H:%M:%S'
        GEN_TYPES:
          Biomass: biomass
          Hydro: hydro
          Solar: solar
          Wind: wind
          CC NG: combined_cycle_gas
          CT NG: combustion_gas
          CT Oil: combustion_oil
          Geo: geothermal
          ICE NG: internal_combustion_gas
          ST Coal: steam_coal
          ST NG: steam_gas
          ST Other: steam_other
    outs:
    - path: data/parsed/nrel118_outages_ts.csv
      md5: b316ccf16a71a923aabb4be7c8c75f50
      size: 130618
  prepare_branches:
    cmd: python src/data/prepare_branches.py data/parsed/nrel118_lines.csv data/parsed/jeas118_lines.csv
      data/parsed/jeas118_trafos.csv data/prepared/buses.csv data/prepared/branches.csv
    deps:
    - path: data/parsed/jeas118_lines.csv
      md5: 523685e05148328e925a71f31492da98
      size: 6474
    - path: data/parsed/jeas118_trafos.csv
      md5: 33133a902a98f8c82d7854becb57a3a9
      size: 324
    - path: data/parsed/nrel118_lines.csv
      md5: 42e64487923fc7090e44ec4921a18ffd
      size: 8476
    - path: data/prepared/buses.csv
      md5: 77547fcc9bfdf49313cf4d0f30110544
      size: 2409
    - path: src/data/prepare_branches.py
      md5: 7d61e3bb70be46a051804ab65b632991
      size: 3575
    - path: src/utils/data_loaders/load_df_data.py
      md5: f3b1048c9e46162b1c47094fc7cecab9
      size: 953
    params:
      definitions.py:
        S_BASE_MVA: 100
    outs:
    - path: data/prepared/branches.csv
      md5: 6be89ddabaee19c03ec3627532e29603
      size: 17715
  transform_gens_escalated_ts:
    cmd: python src/data/transform_gens_escalated_ts.py data/parsed/nrel118_gens.csv
      data/parsed/nrel118_escalators_ts.csv data/transformed/gens_escalated_ts.csv
    deps:
    - path: data/parsed/nrel118_escalators_ts.csv
      md5: f11b5392a7eac911c4da6fe97152f34b
      size: 92000
    - path: data/parsed/nrel118_gens.csv
      md5: 272b131c404206ed480870ce4f9e6467
      size: 8744
    - path: src/data/transform_gens_escalated_ts.py
      md5: f051117cedeceb169ce5232ba8ddff28
      size: 2021
    - path: src/utils/data_loaders/load_df_data.py
      md5: f3b1048c9e46162b1c47094fc7cecab9
      size: 953
    outs:
    - path: data/transformed/gens_escalated_ts.csv
      md5: e81600be0ff8eec3cc2b279faf68a3ad
      size: 101123
  prepare_gens_ts:
    cmd: python src/data/prepare_gens_ts.py data/parsed/nrel118_winds_ts.csv data/parsed/nrel118_solars_ts.csv
      data/parsed/nrel118_hydros_ts.csv data/parsed/nrel118_hydros_nondisp_ts.csv
      data/transformed/gens_escalated_ts.csv data/parsed/nrel118_outages_ts.csv data/prepared/gens_ts.csv
    deps:
    - path: data/parsed/nrel118_hydros_nondisp_ts.csv
      md5: cd4166763f0fce7997a5c13cf5937bf5
      size: 1694
    - path: data/parsed/nrel118_hydros_ts.csv
      md5: 867237507d7dbfae743edf05d506c86a
      size: 7932771
    - path: data/parsed/nrel118_outages_ts.csv
      md5: b316ccf16a71a923aabb4be7c8c75f50
      size: 130618
    - path: data/parsed/nrel118_solars_ts.csv
      md5: e0b86e846d4af272c032cabb36a3d3c4
      size: 26836698
    - path: data/parsed/nrel118_winds_ts.csv
      md5: 5b0c4f8bcd3e259a2f77bd90dfe3d5cc
      size: 6614602
    - path: data/transformed/gens_escalated_ts.csv
      md5: e81600be0ff8eec3cc2b279faf68a3ad
      size: 101123
    - path: src/data/prepare_gens_ts.py
      md5: 6cadfffc9a2e8f9ebdd17daaaf54b5a5
      size: 4845
    - path: src/utils/data_loaders/load_df_data.py
      md5: f3b1048c9e46162b1c47094fc7cecab9
      size: 953
    params:
      definitions.py:
        DATE_FORMAT: '%Y-%m-%d %H:%M:%S'
        DATE_RANGE:
        - '2024-01-01 00:00:00'
        - '2025-01-01 00:00:00'
        - 1h
        FILL_METHOD: pad
    outs:
    - path: data/prepared/gens_ts.csv
      md5: 691acf6bb92ebf4adbea39003efd45a0
      size: 47360893
  prepare_gens:
    cmd: python src/data/prepare_gens.py data/parsed/nrel118_gens.csv data/prepared/gens.csv
    deps:
    - path: data/parsed/nrel118_gens.csv
      md5: 272b131c404206ed480870ce4f9e6467
      size: 8744
    - path: src/data/prepare_gens.py
      md5: 121c174d1bef1031a82e34526f93f2b6
      size: 1259
    - path: src/utils/data_loaders/load_df_data.py
      md5: f3b1048c9e46162b1c47094fc7cecab9
      size: 953
    outs:
    - path: data/prepared/gens.csv
      md5: 6a283eb5c2248b3c0f158d29242fd1f4
      size: 7012
  check_buses:
    cmd: python src/data/check_buses.py data/prepared/buses.csv
    deps:
    - path: data/prepared/buses.csv
      md5: 77547fcc9bfdf49313cf4d0f30110544
      size: 2409
    - path: src/data/check_buses.py
      md5: ba1c6f40f6c7dbbc708917947e5b11a8
      size: 1020
    - path: src/utils/data_loaders/load_df_data.py
      md5: f3b1048c9e46162b1c47094fc7cecab9
      size: 953
  check_branches:
    cmd: python src/data/check_branches.py data/prepared/branches.csv
    deps:
    - path: data/prepared/branches.csv
      md5: 6be89ddabaee19c03ec3627532e29603
      size: 17715
    - path: src/data/check_branches.py
      md5: f448dcd056c4c6d3ef789026969acac9
      size: 1903
    - path: src/utils/data_loaders/load_df_data.py
      md5: f3b1048c9e46162b1c47094fc7cecab9
      size: 953
