schema: '2.0'
stages:
  parse_nrel118_bus_data:
    cmd: python src/data/parse_nrel118_buses.py data/raw/nrel118/additional-files-mti-118/Buses.csv
      data/parsed/nrel118_buses.csv
    deps:
    - path: data/raw/nrel118/additional-files-mti-118/Buses.csv
      md5: 53359601ce73b4f6d166e6a37141ed1b
      size: 2360
    - path: src/data/parse_nrel118_buses.py
      md5: 00e6764e09ebb330b7c678d203c4538b
      size: 1667
    outs:
    - path: data/parsed/nrel118_buses.csv
      md5: 4a2a6c23ff0d3af81c2d96b70c870fcd
      size: 2540
  parse_nrel118_line_data:
    cmd: python src/data/parse_nrel118_lines.py data/raw/nrel118/additional-files-mti-118/Lines.csv
      data/parsed/nrel118_lines.csv
    deps:
    - path: data/raw/nrel118/additional-files-mti-118/Lines.csv
      md5: 682db21351902ecc0d885892be9fc9ee
      size: 8436
    - path: src/data/parse_nrel118_lines.py
      md5: fc428d85274782f567ffb7426bf66d8f
      size: 1953
    outs:
    - path: data/parsed/nrel118_lines.csv
      md5: b1c5f0873b44b8fe84799eb5aa44518a
      size: 8472
  parse_jeas118_line_data:
    cmd: python src/data/parse_jeas118_lines.py data/raw/jeas118/JEAS_IEEE118.doc
      data/parsed/jeas118_lines.csv
    deps:
    - path: data/raw/jeas118/JEAS_IEEE118.doc
      md5: 115121e48f534b9f720cecbdd6a9dbae
      size: 663040
    - path: src/data/parse_jeas118_lines.py
      md5: cfb9d80c5499581eef1a202db51bcb72
      size: 2302
    outs:
    - path: data/parsed/jeas118_lines.csv
      md5: 4a8da15c42f4b404419da792ca79a3c3
      size: 6468
  prepare_bus_data:
    cmd: python src/data/prepare_buses.py data/parsed/nrel118_buses.csv data/prepared/buses.csv
    deps:
    - path: data/parsed/nrel118_buses.csv
      md5: 4a2a6c23ff0d3af81c2d96b70c870fcd
      size: 2540
    - path: src/data/prepare_buses.py
      md5: 02e8267e8a81e23e9773b8ab3b27e9e7
      size: 1411
    outs:
    - path: data/prepared/buses.csv
      md5: 5d31dafc475a1d496d7599d5e8170d14
      size: 2406
  parse_jeas118_trafo_data:
    cmd: python src/data/parse_jeas118_trafos.py data/raw/jeas118/JEAS_IEEE118.doc
      data/parsed/jeas118_trafos.csv
    deps:
    - path: data/raw/jeas118/JEAS_IEEE118.doc
      md5: 115121e48f534b9f720cecbdd6a9dbae
      size: 663040
    - path: src/data/parse_jeas118_trafos.py
      md5: e74ef5540616b65fcb4b4232b8e29774
      size: 2358
    outs:
    - path: data/parsed/jeas118_trafos.csv
      md5: 4f460fce1790a10ea22d7cac9c380c92
      size: 317
  prepare_branch_data:
    cmd: python src/data/prepare_branches.py data/parsed/nrel118_lines.csv data/parsed/jeas118_lines.csv
      data/parsed/jeas118_trafos.csv data/prepared/buses.csv data/prepared/branches.csv
    deps:
    - path: data/parsed/jeas118_lines.csv
      md5: 4a8da15c42f4b404419da792ca79a3c3
      size: 6468
    - path: data/parsed/jeas118_trafos.csv
      md5: 4f460fce1790a10ea22d7cac9c380c92
      size: 317
    - path: data/parsed/nrel118_lines.csv
      md5: b1c5f0873b44b8fe84799eb5aa44518a
      size: 8472
    - path: data/prepared/buses.csv
      md5: 5d31dafc475a1d496d7599d5e8170d14
      size: 2406
    - path: src/data/prepare_branches.py
      md5: 754b8c91a89a6c2e78dff454b1765bda
      size: 3703
    outs:
    - path: data/prepared/branches.csv
      md5: 33ca65a5ca689ba4503380b1d98753ec
      size: 17712
