schema: '2.0'
stages:
  parse_nrel118_bus_data:
    cmd: python src/data/parse_nrel118_buses.py data/raw/nrel118/additional-files-mti-118/Buses.csv
      data/parsed/buses_nrel118.csv
    deps:
    - path: data/raw/nrel118/additional-files-mti-118/Buses.csv
      md5: 53359601ce73b4f6d166e6a37141ed1b
      size: 2360
    - path: src/data/parse_nrel118_buses.py
      md5: 040a24e55885e3e6ff6a0d645b7dd1db
      size: 1707
    outs:
    - path: data/parsed/buses_nrel118.csv
      md5: 4a2a6c23ff0d3af81c2d96b70c870fcd
      size: 2540
  parse_nrel118_line_data:
    cmd: python src/data/parse_nrel118_lines.py data/raw/nrel118/additional-files-mti-118/Lines.csv
      data/parsed/lines_nrel118.csv
    deps:
    - path: data/raw/nrel118/additional-files-mti-118/Lines.csv
      md5: 682db21351902ecc0d885892be9fc9ee
      size: 8436
    - path: src/data/parse_nrel118_lines.py
      md5: 621640627109a8dcf8387b16544b2b65
      size: 1931
    outs:
    - path: data/parsed/lines_nrel118.csv
      md5: 6ecc08f8b32b00c87885ff9c603c90bb
      size: 8100
  parse_jeas118_line_data:
    cmd: python src/data/parse_jeas118_lines.py data/raw/jeas118/JEAS_IEEE118.doc
      data/parsed/lines_jeas118.csv
    deps:
    - path: data/raw/jeas118/JEAS_IEEE118.doc
      md5: 115121e48f534b9f720cecbdd6a9dbae
      size: 663040
    - path: src/data/parse_jeas118_lines.py
      md5: ab6e0f2861ccdf07361d1dd89fa9a6fc
      size: 2344
    outs:
    - path: data/parsed/lines_jeas118.csv
      md5: 7077a43e23624864a8cb0cb527532a85
      size: 6450
  prepare_bus_data:
    cmd: python src/data/prepare_buses.py data/parsed/buses_nrel118.csv data/prepared/buses.csv
    deps:
    - path: data/parsed/buses_nrel118.csv
      md5: 4a2a6c23ff0d3af81c2d96b70c870fcd
      size: 2540
    - path: src/data/prepare_buses.py
      md5: a27913346f73c9e9b522b4224aafd282
      size: 1525
    outs:
    - path: data/prepared/buses.csv
      md5: 5d31dafc475a1d496d7599d5e8170d14
      size: 2406
  parse_jeas118_trafo_data:
    cmd: python src/data/parse_jeas118_trafos.py data/raw/jeas118/JEAS_IEEE118.doc
      data/parsed/trafos_jeas118.csv
    deps:
    - path: data/raw/jeas118/JEAS_IEEE118.doc
      md5: 115121e48f534b9f720cecbdd6a9dbae
      size: 663040
    - path: src/data/parse_jeas118_trafos.py
      md5: 947f773c9547c0f18bb4779952b15d8c
      size: 2412
    outs:
    - path: data/parsed/trafos_jeas118.csv
      md5: 4f460fce1790a10ea22d7cac9c380c92
      size: 317
  prepare_branch_data:
    cmd: python src/data/prepare_branches.py data/parsed/lines_nrel118.csv data/parsed/lines_jeas118.csv
      data/parsed/trafos_jeas118.csv data/prepared/buses.csv data/prepared/branches.csv
    deps:
    - path: data/parsed/lines_jeas118.csv
      md5: 7077a43e23624864a8cb0cb527532a85
      size: 6450
    - path: data/parsed/lines_nrel118.csv
      md5: 6ecc08f8b32b00c87885ff9c603c90bb
      size: 8100
    - path: data/parsed/trafos_jeas118.csv
      md5: 4f460fce1790a10ea22d7cac9c380c92
      size: 317
    - path: data/prepared/buses.csv
      md5: 5d31dafc475a1d496d7599d5e8170d14
      size: 2406
    - path: src/data/prepare_branches.py
      md5: f1d7bd82ca67560d1142fa81da6d2ad9
      size: 3652
    outs:
    - path: data/prepared/branches.csv
      md5: 33ca65a5ca689ba4503380b1d98753ec
      size: 17712
